
Microsoft Visual Studio Solution File, Format Version 12.00
# Visual Studio Version 17
VisualStudioVersion = 17.8.34408.163
MinimumVisualStudioVersion = 10.0.40219.1
Project("{8BC9CEB8-8B4A-11D0-8D11-00A0C91BC942}") = "ContactFinalProject", "ContactFinalProject\ContactFinalProject.vcxproj", "{995566C6-440C-465A-B692-9B2E932A0FC0}"
EndProject
Global
	GlobalSection(SolutionConfigurationPlatforms) = preSolution
		Debug|ARM64 = Debug|ARM64
		Debug|x64 = Debug|x64
		Debug|x86 = Debug|x86
		Release|ARM64 = Release|ARM64
		Release|x64 = Release|x64
		Release|x86 = Release|x86
	EndGlobalSection
	GlobalSection(ProjectConfigurationPlatforms) = postSolution
		{995566C6-440C-465A-B692-9B2E932A0FC0}.Debug|ARM64.ActiveCfg = Debug|ARM64
		{995566C6-440C-465A-B692-9B2E932A0FC0}.Debug|ARM64.Build.0 = Debug|ARM64
		{995566C6-440C-465A-B692-9B2E932A0FC0}.Debug|x64.ActiveCfg = Debug|x64
		{995566C6-440C-465A-B692-9B2E932A0FC0}.Debug|x64.Build.0 = Debug|x64
		{995566C6-440C-465A-B692-9B2E932A0FC0}.Debug|x86.ActiveCfg = Debug|Win32
		{995566C6-440C-465A-B692-9B2E932A0FC0}.Debug|x86.Build.0 = Debug|Win32
		{995566C6-440C-465A-B692-9B2E932A0FC0}.Release|ARM64.ActiveCfg = Release|ARM64
		{995566C6-440C-465A-B692-9B2E932A0FC0}.Release|ARM64.Build.0 = Release|ARM64
		{995566C6-440C-465A-B692-9B2E932A0FC0}.Release|x64.ActiveCfg = Release|x64
		{995566C6-440C-465A-B692-9B2E932A0FC0}.Release|x64.Build.0 = Release|x64
		{995566C6-440C-465A-B692-9B2E932A0FC0}.Release|x86.ActiveCfg = Release|Win32
		{995566C6-440C-465A-B692-9B2E932A0FC0}.Release|x86.Build.0 = Release|Win32
	EndGlobalSection
	GlobalSection(SolutionProperties) = preSolution
		HideSolutionNode = FALSE
	EndGlobalSection
	GlobalSection(ExtensibilityGlobals) = postSolution
		SolutionGuid = {4668D05E-5422-4663-9BD8-FA20AF6FCE39}
	EndGlobalSection
EndGlobal
